
Microsoft Visual Studio Solution File, Format Version 12.00
# Visual Studio Version 17
VisualStudioVersion = 17.13.35931.197
MinimumVisualStudioVersion = 10.0.40219.1
Project("{FAE04EC0-301F-11D3-BF4B-00C04F79EFBC}") = "FilmManagementWeb", "FilmManagementWeb\FilmManagementWeb.csproj", "{72668155-BD77-4282-B1B7-852EFAAA3E3B}"
EndProject
Global
	GlobalSection(SolutionConfigurationPlatforms) = preSolution
		Debug|Any CPU = Debug|Any CPU
		Release|Any CPU = Release|Any CPU
	EndGlobalSection
	GlobalSection(ProjectConfigurationPlatforms) = postSolution
		{72668155-BD77-4282-B1B7-852EFAAA3E3B}.Debug|Any CPU.ActiveCfg = Debug|Any CPU
		{72668155-BD77-4282-B1B7-852EFAAA3E3B}.Debug|Any CPU.Build.0 = Debug|Any CPU
		{72668155-BD77-4282-B1B7-852EFAAA3E3B}.Release|Any CPU.ActiveCfg = Release|Any CPU
		{72668155-BD77-4282-B1B7-852EFAAA3E3B}.Release|Any CPU.Build.0 = Release|Any CPU
	EndGlobalSection
	GlobalSection(SolutionProperties) = preSolution
		HideSolutionNode = FALSE
	EndGlobalSection
	GlobalSection(ExtensibilityGlobals) = postSolution
		SolutionGuid = {6B32D72C-E9B8-4293-B7C4-0C1E7DC8A3AB}
	EndGlobalSection
EndGlobal
